// !$*UTF8*$!
{
	archiveVersion = 1;
	classes = {
	};
	objectVersion = 56;
	objects = {

/* Begin PBXBuildFile section */
		08B57A9A029273648BB00B4C /* Pods_SwiftUI_GoogleSign.framework in Frameworks */ = {isa = PBXBuildFile; fileRef = 38A1D602095C799C7AA01460 /* Pods_SwiftUI_GoogleSign.framework */; };
		091112F72CB503E2004AD6F0 /* GoogleService-Info.plist in Resources */ = {isa = PBXBuildFile; fileRef = 091112F62CB503E2004AD6F0 /* GoogleService-Info.plist */; };
		091112FA2CB512D0004AD6F0 /* GoogleSignInButton.swift in Sources */ = {isa = PBXBuildFile; fileRef = 091112F92CB512D0004AD6F0 /* GoogleSignInButton.swift */; };
		092C7CA12CB4FE3900A6000F /* SwiftUI_GoogleSignApp.swift in Sources */ = {isa = PBXBuildFile; fileRef = 092C7CA02CB4FE3900A6000F /* SwiftUI_GoogleSignApp.swift */; };
		092C7CA32CB4FE3900A6000F /* ContentView.swift in Sources */ = {isa = PBXBuildFile; fileRef = 092C7CA22CB4FE3900A6000F /* ContentView.swift */; };
		092C7CA52CB4FE3A00A6000F /* Assets.xcassets in Resources */ = {isa = PBXBuildFile; fileRef = 092C7CA42CB4FE3A00A6000F /* Assets.xcassets */; };
		092C7CA82CB4FE3A00A6000F /* Preview Assets.xcassets in Resources */ = {isa = PBXBuildFile; fileRef = 092C7CA72CB4FE3A00A6000F /* Preview Assets.xcassets */; };
/* End PBXBuildFile section */

/* Begin PBXFileReference section */
		091112F62CB503E2004AD6F0 /* GoogleService-Info.plist */ = {isa = PBXFileReference; fileEncoding = 4; lastKnownFileType = text.plist.xml; path = "GoogleService-Info.plist"; sourceTree = "<group>"; };
		091112F82CB5053E004AD6F0 /* Info.plist */ = {isa = PBXFileReference; lastKnownFileType = text.plist; path = Info.plist; sourceTree = "<group>"; };
		091112F92CB512D0004AD6F0 /* GoogleSignInButton.swift */ = {isa = PBXFileReference; lastKnownFileType = sourcecode.swift; path = GoogleSignInButton.swift; sourceTree = "<group>"; };
		092C7C9D2CB4FE3900A6000F /* SwiftUI-GoogleSign.app */ = {isa = PBXFileReference; explicitFileType = wrapper.application; includeInIndex = 0; path = "SwiftUI-GoogleSign.app"; sourceTree = BUILT_PRODUCTS_DIR; };
		092C7CA02CB4FE3900A6000F /* SwiftUI_GoogleSignApp.swift */ = {isa = PBXFileReference; lastKnownFileType = sourcecode.swift; path = SwiftUI_GoogleSignApp.swift; sourceTree = "<group>"; };
		092C7CA22CB4FE3900A6000F /* ContentView.swift */ = {isa = PBXFileReference; lastKnownFileType = sourcecode.swift; path = ContentView.swift; sourceTree = "<group>"; };
		092C7CA42CB4FE3A00A6000F /* Assets.xcassets */ = {isa = PBXFileReference; lastKnownFileType = folder.assetcatalog; path = Assets.xcassets; sourceTree = "<group>"; };
		092C7CA72CB4FE3A00A6000F /* Preview Assets.xcassets */ = {isa = PBXFileReference; lastKnownFileType = folder.assetcatalog; path = "Preview Assets.xcassets"; sourceTree = "<group>"; };
		38A1D602095C799C7AA01460 /* Pods_SwiftUI_GoogleSign.framework */ = {isa = PBXFileReference; explicitFileType = wrapper.framework; includeInIndex = 0; path = Pods_SwiftUI_GoogleSign.framework; sourceTree = BUILT_PRODUCTS_DIR; };
		E8A6C84112B9A2EBA5C126C0 /* Pods-SwiftUI-GoogleSign.debug.xcconfig */ = {isa = PBXFileReference; includeInIndex = 1; lastKnownFileType = text.xcconfig; name = "Pods-SwiftUI-GoogleSign.debug.xcconfig"; path = "Target Support Files/Pods-SwiftUI-GoogleSign/Pods-SwiftUI-GoogleSign.debug.xcconfig"; sourceTree = "<group>"; };
		E94506E7D3A12FD0937006F9 /* Pods-SwiftUI-GoogleSign.release.xcconfig */ = {isa = PBXFileReference; includeInIndex = 1; lastKnownFileType = text.xcconfig; name = "Pods-SwiftUI-GoogleSign.release.xcconfig"; path = "Target Support Files/Pods-SwiftUI-GoogleSign/Pods-SwiftUI-GoogleSign.release.xcconfig"; sourceTree = "<group>"; };
/* End PBXFileReference section */

/* Begin PBXFrameworksBuildPhase section */
		092C7C9A2CB4FE3900A6000F /* Frameworks */ = {
			isa = PBXFrameworksBuildPhase;
			buildActionMask = 2147483647;
			files = (
				08B57A9A029273648BB00B4C /* Pods_SwiftUI_GoogleSign.framework in Frameworks */,
			);
			runOnlyForDeploymentPostprocessing = 0;
		};
/* End PBXFrameworksBuildPhase section */

/* Begin PBXGroup section */
		092C7C942CB4FE3900A6000F = {
			isa = PBXGroup;
			children = (
				092C7C9F2CB4FE3900A6000F /* SwiftUI-GoogleSign */,
				092C7C9E2CB4FE3900A6000F /* Products */,
				3E7F42FC2A9E64A61D39FDF1 /* Pods */,
				D4B23E7E469CB5BAE1A2FBD4 /* Frameworks */,
			);
			sourceTree = "<group>";
		};
		092C7C9E2CB4FE3900A6000F /* Products */ = {
			isa = PBXGroup;
			children = (
				092C7C9D2CB4FE3900A6000F /* SwiftUI-GoogleSign.app */,
			);
			name = Products;
			sourceTree = "<group>";
		};
		092C7C9F2CB4FE3900A6000F /* SwiftUI-GoogleSign */ = {
			isa = PBXGroup;
			children = (
				091112F82CB5053E004AD6F0 /* Info.plist */,
				092C7CA02CB4FE3900A6000F /* SwiftUI_GoogleSignApp.swift */,
				092C7CA22CB4FE3900A6000F /* ContentView.swift */,
				092C7CA42CB4FE3A00A6000F /* Assets.xcassets */,
				091112F62CB503E2004AD6F0 /* GoogleService-Info.plist */,
				092C7CA62CB4FE3A00A6000F /* Preview Content */,
				091112F92CB512D0004AD6F0 /* GoogleSignInButton.swift */,
			);
			path = "SwiftUI-GoogleSign";
			sourceTree = "<group>";
		};
		092C7CA62CB4FE3A00A6000F /* Preview Content */ = {
			isa = PBXGroup;
			children = (
				092C7CA72CB4FE3A00A6000F /* Preview Assets.xcassets */,
			);
			path = "Preview Content";
			sourceTree = "<group>";
		};
		3E7F42FC2A9E64A61D39FDF1 /* Pods */ = {
			isa = PBXGroup;
			children = (
				E8A6C84112B9A2EBA5C126C0 /* Pods-SwiftUI-GoogleSign.debug.xcconfig */,
				E94506E7D3A12FD0937006F9 /* Pods-SwiftUI-GoogleSign.release.xcconfig */,
			);
			path = Pods;
			sourceTree = "<group>";
		};
		D4B23E7E469CB5BAE1A2FBD4 /* Frameworks */ = {
			isa = PBXGroup;
			children = (
				38A1D602095C799C7AA01460 /* Pods_SwiftUI_GoogleSign.framework */,
			);
			name = Frameworks;
			sourceTree = "<group>";
		};
/* End PBXGroup section */

/* Begin PBXNativeTarget section */
		092C7C9C2CB4FE3900A6000F /* SwiftUI-GoogleSign */ = {
			isa = PBXNativeTarget;
			buildConfigurationList = 092C7CAB2CB4FE3A00A6000F /* Build configuration list for PBXNativeTarget "SwiftUI-GoogleSign" */;
			buildPhases = (
				6318307F381783C592DF6D69 /* [CP] Check Pods Manifest.lock */,
				092C7C992CB4FE3900A6000F /* Sources */,
				092C7C9A2CB4FE3900A6000F /* Frameworks */,
				092C7C9B2CB4FE3900A6000F /* Resources */,
				F8C831C81BCB6B139AAA4679 /* [CP] Embed Pods Frameworks */,
			);
			buildRules = (
			);
			dependencies = (
			);
			name = "SwiftUI-GoogleSign";
			productName = "SwiftUI-GoogleSign";
			productReference = 092C7C9D2CB4FE3900A6000F /* SwiftUI-GoogleSign.app */;
			productType = "com.apple.product-type.application";
		};
/* End PBXNativeTarget section */

/* Begin PBXProject section */
		092C7C952CB4FE3900A6000F /* Project object */ = {
			isa = PBXProject;
			attributes = {
				BuildIndependentTargetsInParallel = 1;
				LastSwiftUpdateCheck = 1520;
				LastUpgradeCheck = 1520;
				TargetAttributes = {
					092C7C9C2CB4FE3900A6000F = {
						CreatedOnToolsVersion = 15.2;
					};
				};
			};
			buildConfigurationList = 092C7C982CB4FE3900A6000F /* Build configuration list for PBXProject "SwiftUI-GoogleSign" */;
			compatibilityVersion = "Xcode 14.0";
			developmentRegion = en;
			hasScannedForEncodings = 0;
			knownRegions = (
				en,
				Base,
			);
			mainGroup = 092C7C942CB4FE3900A6000F;
			productRefGroup = 092C7C9E2CB4FE3900A6000F /* Products */;
			projectDirPath = "";
			projectRoot = "";
			targets = (
				092C7C9C2CB4FE3900A6000F /* SwiftUI-GoogleSign */,
			);
		};
/* End PBXProject section */

/* Begin PBXResourcesBuildPhase section */
		092C7C9B2CB4FE3900A6000F /* Resources */ = {
			isa = PBXResourcesBuildPhase;
			buildActionMask = 2147483647;
			files = (
				091112F72CB503E2004AD6F0 /* GoogleService-Info.plist in Resources */,
				092C7CA82CB4FE3A00A6000F /* Preview Assets.xcassets in Resources */,
				092C7CA52CB4FE3A00A6000F /* Assets.xcassets in Resources */,
			);
			runOnlyForDeploymentPostprocessing = 0;
		};
/* End PBXResourcesBuildPhase section */

/* Begin PBXShellScriptBuildPhase section */
		6318307F381783C592DF6D69 /* [CP] Check Pods Manifest.lock */ = {
			isa = PBXShellScriptBuildPhase;
			buildActionMask = 2147483647;
			files = (
			);
			inputFileListPaths = (
			);
			inputPaths = (
				"${PODS_PODFILE_DIR_PATH}/Podfile.lock",
				"${PODS_ROOT}/Manifest.lock",
			);
			name = "[CP] Check Pods Manifest.lock";
			outputFileListPaths = (
			);
			outputPaths = (
				"$(DERIVED_FILE_DIR)/Pods-SwiftUI-GoogleSign-checkManifestLockResult.txt",
			);
			runOnlyForDeploymentPostprocessing = 0;
			shellPath = /bin/sh;
			shellScript = "diff \"${PODS_PODFILE_DIR_PATH}/Podfile.lock\" \"${PODS_ROOT}/Manifest.lock\" > /dev/null\nif [ $? != 0 ] ; then\n    # print error to STDERR\n    echo \"error: The sandbox is not in sync with the Podfile.lock. Run 'pod install' or update your CocoaPods installation.\" >&2\n    exit 1\nfi\n# This output is used by Xcode 'outputs' to avoid re-running this script phase.\necho \"SUCCESS\" > \"${SCRIPT_OUTPUT_FILE_0}\"\n";
			showEnvVarsInLog = 0;
		};
		F8C831C81BCB6B139AAA4679 /* [CP] Embed Pods Frameworks */ = {
			isa = PBXShellScriptBuildPhase;
			buildActionMask = 2147483647;
			files = (
			);
			inputFileListPaths = (
				"${PODS_ROOT}/Target Support Files/Pods-SwiftUI-GoogleSign/Pods-SwiftUI-GoogleSign-frameworks-${CONFIGURATION}-input-files.xcfilelist",
			);
			name = "[CP] Embed Pods Frameworks";
			outputFileListPaths = (
				"${PODS_ROOT}/Target Support Files/Pods-SwiftUI-GoogleSign/Pods-SwiftUI-GoogleSign-frameworks-${CONFIGURATION}-output-files.xcfilelist",
			);
			runOnlyForDeploymentPostprocessing = 0;
			shellPath = /bin/sh;
			shellScript = "\"${PODS_ROOT}/Target Support Files/Pods-SwiftUI-GoogleSign/Pods-SwiftUI-GoogleSign-frameworks.sh\"\n";
			showEnvVarsInLog = 0;
		};
/* End PBXShellScriptBuildPhase section */

/* Begin PBXSourcesBuildPhase section */
		092C7C992CB4FE3900A6000F /* Sources */ = {
			isa = PBXSourcesBuildPhase;
			buildActionMask = 2147483647;
			files = (
				092C7CA32CB4FE3900A6000F /* ContentView.swift in Sources */,
				091112FA2CB512D0004AD6F0 /* GoogleSignInButton.swift in Sources */,
				092C7CA12CB4FE3900A6000F /* SwiftUI_GoogleSignApp.swift in Sources */,
			);
			runOnlyForDeploymentPostprocessing = 0;
		};
/* End PBXSourcesBuildPhase section */

/* Begin XCBuildConfiguration section */
		092C7CA92CB4FE3A00A6000F /* Debug */ = {
			isa = XCBuildConfiguration;
			buildSettings = {
				ALWAYS_SEARCH_USER_PATHS = NO;
				ASSETCATALOG_COMPILER_GENERATE_SWIFT_ASSET_SYMBOL_EXTENSIONS = YES;
				CLANG_ANALYZER_NONNULL = YES;
				CLANG_ANALYZER_NUMBER_OBJECT_CONVERSION = YES_AGGRESSIVE;
				CLANG_CXX_LANGUAGE_STANDARD = "gnu++20";
				CLANG_ENABLE_MODULES = YES;
				CLANG_ENABLE_OBJC_ARC = YES;
				CLANG_ENABLE_OBJC_WEAK = YES;
				CLANG_WARN_BLOCK_CAPTURE_AUTORELEASING = YES;
				CLANG_WARN_BOOL_CONVERSION = YES;
				CLANG_WARN_COMMA = YES;
				CLANG_WARN_CONSTANT_CONVERSION = YES;
				CLANG_WARN_DEPRECATED_OBJC_IMPLEMENTATIONS = YES;
				CLANG_WARN_DIRECT_OBJC_ISA_USAGE = YES_ERROR;
				CLANG_WARN_DOCUMENTATION_COMMENTS = YES;
				CLANG_WARN_EMPTY_BODY = YES;
				CLANG_WARN_ENUM_CONVERSION = YES;
				CLANG_WARN_INFINITE_RECURSION = YES;
				CLANG_WARN_INT_CONVERSION = YES;
				CLANG_WARN_NON_LITERAL_NULL_CONVERSION = YES;
				CLANG_WARN_OBJC_IMPLICIT_RETAIN_SELF = YES;
				CLANG_WARN_OBJC_LITERAL_CONVERSION = YES;
				CLANG_WARN_OBJC_ROOT_CLASS = YES_ERROR;
				CLANG_WARN_QUOTED_INCLUDE_IN_FRAMEWORK_HEADER = YES;
				CLANG_WARN_RANGE_LOOP_ANALYSIS = YES;
				CLANG_WARN_STRICT_PROTOTYPES = YES;
				CLANG_WARN_SUSPICIOUS_MOVE = YES;
				CLANG_WARN_UNGUARDED_AVAILABILITY = YES_AGGRESSIVE;
				CLANG_WARN_UNREACHABLE_CODE = YES;
				CLANG_WARN__DUPLICATE_METHOD_MATCH = YES;
				COPY_PHASE_STRIP = NO;
				DEBUG_INFORMATION_FORMAT = dwarf;
				ENABLE_STRICT_OBJC_MSGSEND = YES;
				ENABLE_TESTABILITY = YES;
				ENABLE_USER_SCRIPT_SANDBOXING = YES;
				GCC_C_LANGUAGE_STANDARD = gnu17;
				GCC_DYNAMIC_NO_PIC = NO;
				GCC_NO_COMMON_BLOCKS = YES;
				GCC_OPTIMIZATION_LEVEL = 0;
				GCC_PREPROCESSOR_DEFINITIONS = (
					"DEBUG=1",
					"$(inherited)",
				);
				GCC_WARN_64_TO_32_BIT_CONVERSION = YES;
				GCC_WARN_ABOUT_RETURN_TYPE = YES_ERROR;
				GCC_WARN_UNDECLARED_SELECTOR = YES;
				GCC_WARN_UNINITIALIZED_AUTOS = YES_AGGRESSIVE;
				GCC_WARN_UNUSED_FUNCTION = YES;
				GCC_WARN_UNUSED_VARIABLE = YES;
				IPHONEOS_DEPLOYMENT_TARGET = 17.2;
				LOCALIZATION_PREFERS_STRING_CATALOGS = YES;
				MTL_ENABLE_DEBUG_INFO = INCLUDE_SOURCE;
				MTL_FAST_MATH = YES;
				ONLY_ACTIVE_ARCH = YES;
				SDKROOT = iphoneos;
				SWIFT_ACTIVE_COMPILATION_CONDITIONS = "DEBUG $(inherited)";
				SWIFT_OPTIMIZATION_LEVEL = "-Onone";
			};
			name = Debug;
		};
		092C7CAA2CB4FE3A00A6000F /* Release */ = {
			isa = XCBuildConfiguration;
			buildSettings = {
				ALWAYS_SEARCH_USER_PATHS = NO;
				ASSETCATALOG_COMPILER_GENERATE_SWIFT_ASSET_SYMBOL_EXTENSIONS = YES;
				CLANG_ANALYZER_NONNULL = YES;
				CLANG_ANALYZER_NUMBER_OBJECT_CONVERSION = YES_AGGRESSIVE;
				CLANG_CXX_LANGUAGE_STANDARD = "gnu++20";
				CLANG_ENABLE_MODULES = YES;
				CLANG_ENABLE_OBJC_ARC = YES;
				CLANG_ENABLE_OBJC_WEAK = YES;
				CLANG_WARN_BLOCK_CAPTURE_AUTORELEASING = YES;
				CLANG_WARN_BOOL_CONVERSION = YES;
				CLANG_WARN_COMMA = YES;
				CLANG_WARN_CONSTANT_CONVERSION = YES;
				CLANG_WARN_DEPRECATED_OBJC_IMPLEMENTATIONS = YES;
				CLANG_WARN_DIRECT_OBJC_ISA_USAGE = YES_ERROR;
				CLANG_WARN_DOCUMENTATION_COMMENTS = YES;
				CLANG_WARN_EMPTY_BODY = YES;
				CLANG_WARN_ENUM_CONVERSION = YES;
				CLANG_WARN_INFINITE_RECURSION = YES;
				CLANG_WARN_INT_CONVERSION = YES;
				CLANG_WARN_NON_LITERAL_NULL_CONVERSION = YES;
				CLANG_WARN_OBJC_IMPLICIT_RETAIN_SELF = YES;
				CLANG_WARN_OBJC_LITERAL_CONVERSION = YES;
				CLANG_WARN_OBJC_ROOT_CLASS = YES_ERROR;
				CLANG_WARN_QUOTED_INCLUDE_IN_FRAMEWORK_HEADER = YES;
				CLANG_WARN_RANGE_LOOP_ANALYSIS = YES;
				CLANG_WARN_STRICT_PROTOTYPES = YES;
				CLANG_WARN_SUSPICIOUS_MOVE = YES;
				CLANG_WARN_UNGUARDED_AVAILABILITY = YES_AGGRESSIVE;
				CLANG_WARN_UNREACHABLE_CODE = YES;
				CLANG_WARN__DUPLICATE_METHOD_MATCH = YES;
				COPY_PHASE_STRIP = NO;
				DEBUG_INFORMATION_FORMAT = "dwarf-with-dsym";
				ENABLE_NS_ASSERTIONS = NO;
				ENABLE_STRICT_OBJC_MSGSEND = YES;
				ENABLE_USER_SCRIPT_SANDBOXING = YES;
				GCC_C_LANGUAGE_STANDARD = gnu17;
				GCC_NO_COMMON_BLOCKS = YES;
				GCC_WARN_64_TO_32_BIT_CONVERSION = YES;
				GCC_WARN_ABOUT_RETURN_TYPE = YES_ERROR;
				GCC_WARN_UNDECLARED_SELECTOR = YES;
				GCC_WARN_UNINITIALIZED_AUTOS = YES_AGGRESSIVE;
				GCC_WARN_UNUSED_FUNCTION = YES;
				GCC_WARN_UNUSED_VARIABLE = YES;
				IPHONEOS_DEPLOYMENT_TARGET = 17.2;
				LOCALIZATION_PREFERS_STRING_CATALOGS = YES;
				MTL_ENABLE_DEBUG_INFO = NO;
				MTL_FAST_MATH = YES;
				SDKROOT = iphoneos;
				SWIFT_COMPILATION_MODE = wholemodule;
				VALIDATE_PRODUCT = YES;
			};
			name = Release;
		};
		092C7CAC2CB4FE3A00A6000F /* Debug */ = {
			isa = XCBuildConfiguration;
			baseConfigurationReference = E8A6C84112B9A2EBA5C126C0 /* Pods-SwiftUI-GoogleSign.debug.xcconfig */;
			buildSettings = {
				ASSETCATALOG_COMPILER_APPICON_NAME = AppIcon;
				ASSETCATALOG_COMPILER_GLOBAL_ACCENT_COLOR_NAME = AccentColor;
				CODE_SIGN_STYLE = Automatic;
				CURRENT_PROJECT_VERSION = 1;
				DEVELOPMENT_ASSET_PATHS = "\"SwiftUI-GoogleSign/Preview Content\"";
				ENABLE_PREVIEWS = YES;
				ENABLE_USER_SCRIPT_SANDBOXING = NO;
				GENERATE_INFOPLIST_FILE = YES;
				INFOPLIST_FILE = "SwiftUI-GoogleSign/Info.plist";
				INFOPLIST_KEY_UIApplicationSceneManifest_Generation = YES;
				INFOPLIST_KEY_UIApplicationSupportsIndirectInputEvents = YES;
				INFOPLIST_KEY_UILaunchScreen_Generation = YES;
				INFOPLIST_KEY_UISupportedInterfaceOrientations_iPad = "UIInterfaceOrientationPortrait UIInterfaceOrientationPortraitUpsideDown UIInterfaceOrientationLandscapeLeft UIInterfaceOrientationLandscapeRight";
				INFOPLIST_KEY_UISupportedInterfaceOrientations_iPhone = "UIInterfaceOrientationPortrait UIInterfaceOrientationLandscapeLeft UIInterfaceOrientationLandscapeRight";
				LD_RUNPATH_SEARCH_PATHS = (
					"$(inherited)",
					"@executable_path/Frameworks",
				);
				MARKETING_VERSION = 1.0;
				PRODUCT_BUNDLE_IDENTIFIER = "vineeth.SwiftUI-GoogleSign";
				PRODUCT_NAME = "$(TARGET_NAME)";
				SWIFT_EMIT_LOC_STRINGS = YES;
				SWIFT_VERSION = 5.0;
				TARGETED_DEVICE_FAMILY = "1,2";
			};
			name = Debug;
		};
		092C7CAD2CB4FE3A00A6000F /* Release */ = {
			isa = XCBuildConfiguration;
			baseConfigurationReference = E94506E7D3A12FD0937006F9 /* Pods-SwiftUI-GoogleSign.release.xcconfig */;
			buildSettings = {
				ASSETCATALOG_COMPILER_APPICON_NAME = AppIcon;
				ASSETCATALOG_COMPILER_GLOBAL_ACCENT_COLOR_NAME = AccentColor;
				CODE_SIGN_STYLE = Automatic;
				CURRENT_PROJECT_VERSION = 1;
				DEVELOPMENT_ASSET_PATHS = "\"SwiftUI-GoogleSign/Preview Content\"";
				ENABLE_PREVIEWS = YES;
				ENABLE_USER_SCRIPT_SANDBOXING = NO;
				GENERATE_INFOPLIST_FILE = YES;
				INFOPLIST_FILE = "SwiftUI-GoogleSign/Info.plist";
				INFOPLIST_KEY_UIApplicationSceneManifest_Generation = YES;
				INFOPLIST_KEY_UIApplicationSupportsIndirectInputEvents = YES;
				INFOPLIST_KEY_UILaunchScreen_Generation = YES;
				INFOPLIST_KEY_UISupportedInterfaceOrientations_iPad = "UIInterfaceOrientationPortrait UIInterfaceOrientationPortraitUpsideDown UIInterfaceOrientationLandscapeLeft UIInterfaceOrientationLandscapeRight";
				INFOPLIST_KEY_UISupportedInterfaceOrientations_iPhone = "UIInterfaceOrientationPortrait UIInterfaceOrientationLandscapeLeft UIInterfaceOrientationLandscapeRight";
				LD_RUNPATH_SEARCH_PATHS = (
					"$(inherited)",
					"@executable_path/Frameworks",
				);
				MARKETING_VERSION = 1.0;
				PRODUCT_BUNDLE_IDENTIFIER = "vineeth.SwiftUI-GoogleSign";
				PRODUCT_NAME = "$(TARGET_NAME)";
				SWIFT_EMIT_LOC_STRINGS = YES;
				SWIFT_VERSION = 5.0;
				TARGETED_DEVICE_FAMILY = "1,2";
			};
			name = Release;
		};
/* End XCBuildConfiguration section */

/* Begin XCConfigurationList section */
		092C7C982CB4FE3900A6000F /* Build configuration list for PBXProject "SwiftUI-GoogleSign" */ = {
			isa = XCConfigurationList;
			buildConfigurations = (
				092C7CA92CB4FE3A00A6000F /* Debug */,
				092C7CAA2CB4FE3A00A6000F /* Release */,
			);
			defaultConfigurationIsVisible = 0;
			defaultConfigurationName = Release;
		};
		092C7CAB2CB4FE3A00A6000F /* Build configuration list for PBXNativeTarget "SwiftUI-GoogleSign" */ = {
			isa = XCConfigurationList;
			buildConfigurations = (
				092C7CAC2CB4FE3A00A6000F /* Debug */,
				092C7CAD2CB4FE3A00A6000F /* Release */,
			);
			defaultConfigurationIsVisible = 0;
			defaultConfigurationName = Release;
		};
/* End XCConfigurationList section */
	};
	rootObject = 092C7C952CB4FE3900A6000F /* Project object */;
}
